// !$*UTF8*$!
{
	archiveVersion = 1;
	classes = {
	};
	objectVersion = 46;
	objects = {

/* Begin PBXBuildFile section */
		6C039C34153446C20060F00E /* ExtensionConfig.h in Headers */ = {isa = PBXBuildFile; fileRef = 6C039C27153446C20060F00E /* ExtensionConfig.h */; };
		6C039C35153446C20060F00E /* KinectCapabilities.h in Headers */ = {isa = PBXBuildFile; fileRef = 6C039C28153446C20060F00E /* KinectCapabilities.h */; };
		6C039C36153446C20060F00E /* KinectDevice.cpp in Sources */ = {isa = PBXBuildFile; fileRef = 6C039C29153446C20060F00E /* KinectDevice.cpp */; };
		6C039C37153446C20060F00E /* KinectDevice.h in Headers */ = {isa = PBXBuildFile; fileRef = 6C039C2A153446C20060F00E /* KinectDevice.h */; };
		6C039C38153446C20060F00E /* KinectDeviceManager.cpp in Sources */ = {isa = PBXBuildFile; fileRef = 6C039C2B153446C20060F00E /* KinectDeviceManager.cpp */; };
		6C039C39153446C20060F00E /* KinectDeviceManager.h in Headers */ = {isa = PBXBuildFile; fileRef = 6C039C2C153446C20060F00E /* KinectDeviceManager.h */; };
		6C039C3A153446C20060F00E /* KinectExtension.cpp in Sources */ = {isa = PBXBuildFile; fileRef = 6C039C2D153446C20060F00E /* KinectExtension.cpp */; };
		6C039C3B153446C20060F00E /* KinectExtension.h in Headers */ = {isa = PBXBuildFile; fileRef = 6C039C2E153446C20060F00E /* KinectExtension.h */; };
		6C039C3F153446C20060F00E /* PointCloudRegion.cpp in Sources */ = {isa = PBXBuildFile; fileRef = 6C039C32153446C20060F00E /* PointCloudRegion.cpp */; };
		6C039C40153446C20060F00E /* PointCloudRegion.h in Headers */ = {isa = PBXBuildFile; fileRef = 6C039C33153446C20060F00E /* PointCloudRegion.h */; };
		6C70230115B8495300B8128A /* AKMSSDKSkeletonJoint.h in Headers */ = {isa = PBXBuildFile; fileRef = 6C7022FE15B8495300B8128A /* AKMSSDKSkeletonJoint.h */; };
		6C70230215B8495300B8128A /* AKMSSDKUser.h in Headers */ = {isa = PBXBuildFile; fileRef = 6C7022FF15B8495300B8128A /* AKMSSDKUser.h */; };
		6C70230315B8495300B8128A /* AKMSSDKUserFrame.h in Headers */ = {isa = PBXBuildFile; fileRef = 6C70230015B8495300B8128A /* AKMSSDKUserFrame.h */; };
		6C70230815B8496700B8128A /* AKOpenNISkeletonJoint.h in Headers */ = {isa = PBXBuildFile; fileRef = 6C70230515B8496700B8128A /* AKOpenNISkeletonJoint.h */; };
		6C70230915B8496700B8128A /* AKOpenNIUser.h in Headers */ = {isa = PBXBuildFile; fileRef = 6C70230615B8496700B8128A /* AKOpenNIUser.h */; };
		6C70230A15B8496700B8128A /* AKOpenNIUserFrame.h in Headers */ = {isa = PBXBuildFile; fileRef = 6C70230715B8496700B8128A /* AKOpenNIUserFrame.h */; };
		6C70231015B8497300B8128A /* AKBasicStructs.h in Headers */ = {isa = PBXBuildFile; fileRef = 6C70230C15B8497300B8128A /* AKBasicStructs.h */; };
		6C70231115B8497300B8128A /* AKSkeletonJoint.h in Headers */ = {isa = PBXBuildFile; fileRef = 6C70230D15B8497300B8128A /* AKSkeletonJoint.h */; };
		6C70231215B8497300B8128A /* AKUser.h in Headers */ = {isa = PBXBuildFile; fileRef = 6C70230E15B8497300B8128A /* AKUser.h */; };
		6C70231315B8497300B8128A /* AKUserFrame.h in Headers */ = {isa = PBXBuildFile; fileRef = 6C70230F15B8497300B8128A /* AKUserFrame.h */; };
		6C7023C715B5E847002000A7 /* AKUserFrameGenerator.cpp in Sources */ = {isa = PBXBuildFile; fileRef = 6C7023BF15B5E847002000A7 /* AKUserFrameGenerator.cpp */; };
		6C7023C815B5E847002000A7 /* AKUserFrameGenerator.h in Headers */ = {isa = PBXBuildFile; fileRef = 6C7023C015B5E847002000A7 /* AKUserFrameGenerator.h */; };
		6C7023C915B5E847002000A7 /* AKUtilityFunctions.cpp in Sources */ = {isa = PBXBuildFile; fileRef = 6C7023C115B5E847002000A7 /* AKUtilityFunctions.cpp */; };
		6C7023CA15B5E847002000A7 /* AKUtilityFunctions.h in Headers */ = {isa = PBXBuildFile; fileRef = 6C7023C215B5E847002000A7 /* AKUtilityFunctions.h */; };
		6C7023CD15B5E851002000A7 /* AKMSSDKUserFrameGenerator.cpp in Sources */ = {isa = PBXBuildFile; fileRef = 6C7023CB15B5E851002000A7 /* AKMSSDKUserFrameGenerator.cpp */; };
		6C7023CE15B5E851002000A7 /* AKMSSDKUserFrameGenerator.h in Headers */ = {isa = PBXBuildFile; fileRef = 6C7023CC15B5E851002000A7 /* AKMSSDKUserFrameGenerator.h */; };
		6C7023D115B5E85C002000A7 /* AKOpenNIUserFrameGenerator.cpp in Sources */ = {isa = PBXBuildFile; fileRef = 6C7023CF15B5E85C002000A7 /* AKOpenNIUserFrameGenerator.cpp */; };
		6C7023D215B5E85C002000A7 /* AKOpenNIUserFrameGenerator.h in Headers */ = {isa = PBXBuildFile; fileRef = 6C7023D015B5E85C002000A7 /* AKOpenNIUserFrameGenerator.h */; };
		6C7A5FB216235B7700A684CB /* AKMSSDKInfraredParser.cpp in Sources */ = {isa = PBXBuildFile; fileRef = 6C7A5FB016235B7700A684CB /* AKMSSDKInfraredParser.cpp */; };
		6C7A5FB316235B7700A684CB /* AKMSSDKInfraredParser.h in Headers */ = {isa = PBXBuildFile; fileRef = 6C7A5FB116235B7700A684CB /* AKMSSDKInfraredParser.h */; };
		6C7BEA8516B46B8B00D8958A /* Adobe AIR.framework in Frameworks */ = {isa = PBXBuildFile; fileRef = 6C7BEA8416B46B8B00D8958A /* Adobe AIR.framework */; };
		6CA557F7162AA92600B85A42 /* AKOpenNIDepthGenerator.cpp in Sources */ = {isa = PBXBuildFile; fileRef = 6CA557F5162AA92600B85A42 /* AKOpenNIDepthGenerator.cpp */; };
		6CA557F8162AA92600B85A42 /* AKOpenNIDepthGenerator.h in Headers */ = {isa = PBXBuildFile; fileRef = 6CA557F6162AA92600B85A42 /* AKOpenNIDepthGenerator.h */; };
		6CA557FC162ABCB500B85A42 /* AKOpenNIIRGenerator.cpp in Sources */ = {isa = PBXBuildFile; fileRef = 6CA557FA162ABCB500B85A42 /* AKOpenNIIRGenerator.cpp */; };
		6CA557FD162ABCB500B85A42 /* AKOpenNIIRGenerator.h in Headers */ = {isa = PBXBuildFile; fileRef = 6CA557FB162ABCB500B85A42 /* AKOpenNIIRGenerator.h */; };
		6CAA0B9A15B2E7330085D9CB /* AKMSSDKDepthParser.cpp in Sources */ = {isa = PBXBuildFile; fileRef = 6CAA0B8D15B2E7330085D9CB /* AKMSSDKDepthParser.cpp */; };
		6CAA0B9B15B2E7330085D9CB /* AKMSSDKDepthParser.h in Headers */ = {isa = PBXBuildFile; fileRef = 6CAA0B8E15B2E7330085D9CB /* AKMSSDKDepthParser.h */; };
		6CAA0B9C15B2E7330085D9CB /* AKMSSDKRGBParser.cpp in Sources */ = {isa = PBXBuildFile; fileRef = 6CAA0B8F15B2E7330085D9CB /* AKMSSDKRGBParser.cpp */; };
		6CAA0B9D15B2E7330085D9CB /* AKMSSDKRGBParser.h in Headers */ = {isa = PBXBuildFile; fileRef = 6CAA0B9015B2E7330085D9CB /* AKMSSDKRGBParser.h */; };
		6CAA0B9E15B2E7330085D9CB /* MSKinectDevice.cpp in Sources */ = {isa = PBXBuildFile; fileRef = 6CAA0B9115B2E7330085D9CB /* MSKinectDevice.cpp */; };
		6CAA0B9F15B2E7330085D9CB /* MSKinectDevice.h in Headers */ = {isa = PBXBuildFile; fileRef = 6CAA0B9215B2E7330085D9CB /* MSKinectDevice.h */; };
		6CAA0BA415B2E7330085D9CB /* OpenNIDevice.cpp in Sources */ = {isa = PBXBuildFile; fileRef = 6CAA0B9815B2E7330085D9CB /* OpenNIDevice.cpp */; };
		6CAA0BA515B2E7330085D9CB /* OpenNIDevice.h in Headers */ = {isa = PBXBuildFile; fileRef = 6CAA0B9915B2E7330085D9CB /* OpenNIDevice.h */; };
		6CAA0BAC15B2E7450085D9CB /* AKImageBytesGenerator.cpp in Sources */ = {isa = PBXBuildFile; fileRef = 6CAA0BA615B2E7450085D9CB /* AKImageBytesGenerator.cpp */; };
		6CAA0BAD15B2E7450085D9CB /* AKImageBytesGenerator.h in Headers */ = {isa = PBXBuildFile; fileRef = 6CAA0BA715B2E7450085D9CB /* AKImageBytesGenerator.h */; };
		6CAC32AB162AC9D000C97307 /* AKOpenNIUserGenerator.cpp in Sources */ = {isa = PBXBuildFile; fileRef = 6CAC32A9162AC9D000C97307 /* AKOpenNIUserGenerator.cpp */; };
		6CAC32AC162AC9D000C97307 /* AKOpenNIUserGenerator.h in Headers */ = {isa = PBXBuildFile; fileRef = 6CAC32AA162AC9D000C97307 /* AKOpenNIUserGenerator.h */; };
		6CD1B3BB162C2765006D9939 /* AKOpenNIHardware.cpp in Sources */ = {isa = PBXBuildFile; fileRef = 6CD1B3B9162C2765006D9939 /* AKOpenNIHardware.cpp */; };
		6CD1B3BC162C2765006D9939 /* AKOpenNIHardware.h in Headers */ = {isa = PBXBuildFile; fileRef = 6CD1B3BA162C2765006D9939 /* AKOpenNIHardware.h */; };
		6CD69E6215B4630000D1534A /* AKPointCloudGenerator.cpp in Sources */ = {isa = PBXBuildFile; fileRef = 6CD69E5E15B4630000D1534A /* AKPointCloudGenerator.cpp */; };
		6CD69E6315B4630000D1534A /* AKPointCloudGenerator.h in Headers */ = {isa = PBXBuildFile; fileRef = 6CD69E5F15B4630000D1534A /* AKPointCloudGenerator.h */; };
		6CD69E6415B4630000D1534A /* AKUserMasksGenerator.cpp in Sources */ = {isa = PBXBuildFile; fileRef = 6CD69E6015B4630000D1534A /* AKUserMasksGenerator.cpp */; };
		6CD69E6515B4630000D1534A /* AKUserMasksGenerator.h in Headers */ = {isa = PBXBuildFile; fileRef = 6CD69E6115B4630000D1534A /* AKUserMasksGenerator.h */; };
		6CD69E6B15B4630B00D1534A /* AKMSSDKPointCloudGenerator.cpp in Sources */ = {isa = PBXBuildFile; fileRef = 6CD69E6715B4630B00D1534A /* AKMSSDKPointCloudGenerator.cpp */; };
		6CD69E6C15B4630B00D1534A /* AKMSSDKPointCloudGenerator.h in Headers */ = {isa = PBXBuildFile; fileRef = 6CD69E6815B4630B00D1534A /* AKMSSDKPointCloudGenerator.h */; };
		6CD69E6D15B4630B00D1534A /* AKMSSDKUserMasksGenerator.cpp in Sources */ = {isa = PBXBuildFile; fileRef = 6CD69E6915B4630B00D1534A /* AKMSSDKUserMasksGenerator.cpp */; };
		6CD69E6E15B4630B00D1534A /* AKMSSDKUserMasksGenerator.h in Headers */ = {isa = PBXBuildFile; fileRef = 6CD69E6A15B4630B00D1534A /* AKMSSDKUserMasksGenerator.h */; };
		6CD69E7315B4631600D1534A /* AKOpenNIPointCloudGenerator.cpp in Sources */ = {isa = PBXBuildFile; fileRef = 6CD69E6F15B4631600D1534A /* AKOpenNIPointCloudGenerator.cpp */; };
		6CD69E7415B4631600D1534A /* AKOpenNIPointCloudGenerator.h in Headers */ = {isa = PBXBuildFile; fileRef = 6CD69E7015B4631600D1534A /* AKOpenNIPointCloudGenerator.h */; };
		6CD69E7515B4631600D1534A /* AKOpenNIUserMasksGenerator.cpp in Sources */ = {isa = PBXBuildFile; fileRef = 6CD69E7115B4631600D1534A /* AKOpenNIUserMasksGenerator.cpp */; };
		6CD69E7615B4631600D1534A /* AKOpenNIUserMasksGenerator.h in Headers */ = {isa = PBXBuildFile; fileRef = 6CD69E7215B4631600D1534A /* AKOpenNIUserMasksGenerator.h */; };
		6CD9764114C85B990061A00B /* Cocoa.framework in Frameworks */ = {isa = PBXBuildFile; fileRef = 6CD9764014C85B990061A00B /* Cocoa.framework */; };
		6CD9764B14C85B990061A00B /* InfoPlist.strings in Resources */ = {isa = PBXBuildFile; fileRef = 6CD9764914C85B990061A00B /* InfoPlist.strings */; };
		6CDF1EF116B5A9A6001F05EF /* libOpenNI.dylib in Frameworks */ = {isa = PBXBuildFile; fileRef = 6CDF1EEF16B5A9A6001F05EF /* libOpenNI.dylib */; };
		6CDF1EF216B5A9A6001F05EF /* libusb-1.0.0.dylib in Frameworks */ = {isa = PBXBuildFile; fileRef = 6CDF1EF016B5A9A6001F05EF /* libusb-1.0.0.dylib */; };
		6CDF1EF416B5A9C7001F05EF /* libboost_thread.a in Frameworks */ = {isa = PBXBuildFile; fileRef = 6CDF1EF316B5A9C7001F05EF /* libboost_thread.a */; };
		6CE5B3B015BAAE9700D098AC /* AKSkeletonBone.h in Headers */ = {isa = PBXBuildFile; fileRef = 6CE5B3AF15BAAE9700D098AC /* AKSkeletonBone.h */; };
		6CE5B3B315BAAEA400D098AC /* AKMSSDKSkeletonBone.h in Headers */ = {isa = PBXBuildFile; fileRef = 6CE5B3B215BAAEA400D098AC /* AKMSSDKSkeletonBone.h */; };
		6CE5B3B515BAAEB200D098AC /* AKOpenNISkeletonBone.h in Headers */ = {isa = PBXBuildFile; fileRef = 6CE5B3B415BAAEB200D098AC /* AKOpenNISkeletonBone.h */; };
		6CF3CDB21629D887007DC7B2 /* AKOpenNIRGBGenerator.cpp in Sources */ = {isa = PBXBuildFile; fileRef = 6CF3CDB01629D887007DC7B2 /* AKOpenNIRGBGenerator.cpp */; };
		6CF3CDB31629D887007DC7B2 /* AKOpenNIRGBGenerator.h in Headers */ = {isa = PBXBuildFile; fileRef = 6CF3CDB11629D887007DC7B2 /* AKOpenNIRGBGenerator.h */; };
/* End PBXBuildFile section */

/* Begin PBXFileReference section */
		6C039C27153446C20060F00E /* ExtensionConfig.h */ = {isa = PBXFileReference; fileEncoding = 4; lastKnownFileType = sourcecode.c.h; path = ExtensionConfig.h; sourceTree = "<group>"; };
		6C039C28153446C20060F00E /* KinectCapabilities.h */ = {isa = PBXFileReference; fileEncoding = 4; lastKnownFileType = sourcecode.c.h; path = KinectCapabilities.h; sourceTree = "<group>"; };
		6C039C29153446C20060F00E /* KinectDevice.cpp */ = {isa = PBXFileReference; fileEncoding = 4; lastKnownFileType = sourcecode.cpp.cpp; path = KinectDevice.cpp; sourceTree = "<group>"; };
		6C039C2A153446C20060F00E /* KinectDevice.h */ = {isa = PBXFileReference; fileEncoding = 4; lastKnownFileType = sourcecode.c.h; path = KinectDevice.h; sourceTree = "<group>"; };
		6C039C2B153446C20060F00E /* KinectDeviceManager.cpp */ = {isa = PBXFileReference; fileEncoding = 4; lastKnownFileType = sourcecode.cpp.cpp; path = KinectDeviceManager.cpp; sourceTree = "<group>"; };
		6C039C2C153446C20060F00E /* KinectDeviceManager.h */ = {isa = PBXFileReference; fileEncoding = 4; lastKnownFileType = sourcecode.c.h; path = KinectDeviceManager.h; sourceTree = "<group>"; };
		6C039C2D153446C20060F00E /* KinectExtension.cpp */ = {isa = PBXFileReference; fileEncoding = 4; lastKnownFileType = sourcecode.cpp.cpp; path = KinectExtension.cpp; sourceTree = "<group>"; };
		6C039C2E153446C20060F00E /* KinectExtension.h */ = {isa = PBXFileReference; fileEncoding = 4; lastKnownFileType = sourcecode.c.h; path = KinectExtension.h; sourceTree = "<group>"; };
		6C039C32153446C20060F00E /* PointCloudRegion.cpp */ = {isa = PBXFileReference; fileEncoding = 4; lastKnownFileType = sourcecode.cpp.cpp; path = PointCloudRegion.cpp; sourceTree = "<group>"; };
		6C039C33153446C20060F00E /* PointCloudRegion.h */ = {isa = PBXFileReference; fileEncoding = 4; lastKnownFileType = sourcecode.c.h; path = PointCloudRegion.h; sourceTree = "<group>"; };
		6C7022FE15B8495300B8128A /* AKMSSDKSkeletonJoint.h */ = {isa = PBXFileReference; fileEncoding = 4; lastKnownFileType = sourcecode.c.h; path = AKMSSDKSkeletonJoint.h; sourceTree = "<group>"; };
		6C7022FF15B8495300B8128A /* AKMSSDKUser.h */ = {isa = PBXFileReference; fileEncoding = 4; lastKnownFileType = sourcecode.c.h; path = AKMSSDKUser.h; sourceTree = "<group>"; };
		6C70230015B8495300B8128A /* AKMSSDKUserFrame.h */ = {isa = PBXFileReference; fileEncoding = 4; lastKnownFileType = sourcecode.c.h; path = AKMSSDKUserFrame.h; sourceTree = "<group>"; };
		6C70230515B8496700B8128A /* AKOpenNISkeletonJoint.h */ = {isa = PBXFileReference; fileEncoding = 4; lastKnownFileType = sourcecode.c.h; path = AKOpenNISkeletonJoint.h; sourceTree = "<group>"; };
		6C70230615B8496700B8128A /* AKOpenNIUser.h */ = {isa = PBXFileReference; fileEncoding = 4; lastKnownFileType = sourcecode.c.h; path = AKOpenNIUser.h; sourceTree = "<group>"; };
		6C70230715B8496700B8128A /* AKOpenNIUserFrame.h */ = {isa = PBXFileReference; fileEncoding = 4; lastKnownFileType = sourcecode.c.h; path = AKOpenNIUserFrame.h; sourceTree = "<group>"; };
		6C70230C15B8497300B8128A /* AKBasicStructs.h */ = {isa = PBXFileReference; fileEncoding = 4; lastKnownFileType = sourcecode.c.h; path = AKBasicStructs.h; sourceTree = "<group>"; };
		6C70230D15B8497300B8128A /* AKSkeletonJoint.h */ = {isa = PBXFileReference; fileEncoding = 4; lastKnownFileType = sourcecode.c.h; path = AKSkeletonJoint.h; sourceTree = "<group>"; };
		6C70230E15B8497300B8128A /* AKUser.h */ = {isa = PBXFileReference; fileEncoding = 4; lastKnownFileType = sourcecode.c.h; path = AKUser.h; sourceTree = "<group>"; };
		6C70230F15B8497300B8128A /* AKUserFrame.h */ = {isa = PBXFileReference; fileEncoding = 4; lastKnownFileType = sourcecode.c.h; path = AKUserFrame.h; sourceTree = "<group>"; };
		6C7023BF15B5E847002000A7 /* AKUserFrameGenerator.cpp */ = {isa = PBXFileReference; fileEncoding = 4; lastKnownFileType = sourcecode.cpp.cpp; path = AKUserFrameGenerator.cpp; sourceTree = "<group>"; };
		6C7023C015B5E847002000A7 /* AKUserFrameGenerator.h */ = {isa = PBXFileReference; fileEncoding = 4; lastKnownFileType = sourcecode.c.h; path = AKUserFrameGenerator.h; sourceTree = "<group>"; };
		6C7023C115B5E847002000A7 /* AKUtilityFunctions.cpp */ = {isa = PBXFileReference; fileEncoding = 4; lastKnownFileType = sourcecode.cpp.cpp; path = AKUtilityFunctions.cpp; sourceTree = "<group>"; };
		6C7023C215B5E847002000A7 /* AKUtilityFunctions.h */ = {isa = PBXFileReference; fileEncoding = 4; lastKnownFileType = sourcecode.c.h; path = AKUtilityFunctions.h; sourceTree = "<group>"; };
		6C7023CB15B5E851002000A7 /* AKMSSDKUserFrameGenerator.cpp */ = {isa = PBXFileReference; fileEncoding = 4; lastKnownFileType = sourcecode.cpp.cpp; path = AKMSSDKUserFrameGenerator.cpp; sourceTree = "<group>"; };
		6C7023CC15B5E851002000A7 /* AKMSSDKUserFrameGenerator.h */ = {isa = PBXFileReference; fileEncoding = 4; lastKnownFileType = sourcecode.c.h; path = AKMSSDKUserFrameGenerator.h; sourceTree = "<group>"; };
		6C7023CF15B5E85C002000A7 /* AKOpenNIUserFrameGenerator.cpp */ = {isa = PBXFileReference; fileEncoding = 4; lastKnownFileType = sourcecode.cpp.cpp; path = AKOpenNIUserFrameGenerator.cpp; sourceTree = "<group>"; };
		6C7023D015B5E85C002000A7 /* AKOpenNIUserFrameGenerator.h */ = {isa = PBXFileReference; fileEncoding = 4; lastKnownFileType = sourcecode.c.h; path = AKOpenNIUserFrameGenerator.h; sourceTree = "<group>"; };
		6C7A5FB016235B7700A684CB /* AKMSSDKInfraredParser.cpp */ = {isa = PBXFileReference; fileEncoding = 4; lastKnownFileType = sourcecode.cpp.cpp; path = AKMSSDKInfraredParser.cpp; sourceTree = "<group>"; };
		6C7A5FB116235B7700A684CB /* AKMSSDKInfraredParser.h */ = {isa = PBXFileReference; fileEncoding = 4; lastKnownFileType = sourcecode.c.h; path = AKMSSDKInfraredParser.h; sourceTree = "<group>"; };
		6C7BEA8416B46B8B00D8958A /* Adobe AIR.framework */ = {isa = PBXFileReference; lastKnownFileType = wrapper.framework; name = "Adobe AIR.framework"; path = "../../../../../../../../Applications/Adobe Flash Builder 4.6/sdks/4.6.0/runtimes/air-captive/mac/Adobe AIR.framework"; sourceTree = "<group>"; };
		6CA557F5162AA92600B85A42 /* AKOpenNIDepthGenerator.cpp */ = {isa = PBXFileReference; fileEncoding = 4; lastKnownFileType = sourcecode.cpp.cpp; path = AKOpenNIDepthGenerator.cpp; sourceTree = "<group>"; };
		6CA557F6162AA92600B85A42 /* AKOpenNIDepthGenerator.h */ = {isa = PBXFileReference; fileEncoding = 4; lastKnownFileType = sourcecode.c.h; path = AKOpenNIDepthGenerator.h; sourceTree = "<group>"; };
		6CA557FA162ABCB500B85A42 /* AKOpenNIIRGenerator.cpp */ = {isa = PBXFileReference; fileEncoding = 4; lastKnownFileType = sourcecode.cpp.cpp; path = AKOpenNIIRGenerator.cpp; sourceTree = "<group>"; };
		6CA557FB162ABCB500B85A42 /* AKOpenNIIRGenerator.h */ = {isa = PBXFileReference; fileEncoding = 4; lastKnownFileType = sourcecode.c.h; path = AKOpenNIIRGenerator.h; sourceTree = "<group>"; };
		6CAA0B8D15B2E7330085D9CB /* AKMSSDKDepthParser.cpp */ = {isa = PBXFileReference; fileEncoding = 4; lastKnownFileType = sourcecode.cpp.cpp; path = AKMSSDKDepthParser.cpp; sourceTree = "<group>"; };
		6CAA0B8E15B2E7330085D9CB /* AKMSSDKDepthParser.h */ = {isa = PBXFileReference; fileEncoding = 4; lastKnownFileType = sourcecode.c.h; path = AKMSSDKDepthParser.h; sourceTree = "<group>"; };
		6CAA0B8F15B2E7330085D9CB /* AKMSSDKRGBParser.cpp */ = {isa = PBXFileReference; fileEncoding = 4; lastKnownFileType = sourcecode.cpp.cpp; path = AKMSSDKRGBParser.cpp; sourceTree = "<group>"; };
		6CAA0B9015B2E7330085D9CB /* AKMSSDKRGBParser.h */ = {isa = PBXFileReference; fileEncoding = 4; lastKnownFileType = sourcecode.c.h; path = AKMSSDKRGBParser.h; sourceTree = "<group>"; };
		6CAA0B9115B2E7330085D9CB /* MSKinectDevice.cpp */ = {isa = PBXFileReference; fileEncoding = 4; lastKnownFileType = sourcecode.cpp.cpp; path = MSKinectDevice.cpp; sourceTree = "<group>"; };
		6CAA0B9215B2E7330085D9CB /* MSKinectDevice.h */ = {isa = PBXFileReference; fileEncoding = 4; lastKnownFileType = sourcecode.c.h; path = MSKinectDevice.h; sourceTree = "<group>"; };
		6CAA0B9815B2E7330085D9CB /* OpenNIDevice.cpp */ = {isa = PBXFileReference; fileEncoding = 4; lastKnownFileType = sourcecode.cpp.cpp; path = OpenNIDevice.cpp; sourceTree = "<group>"; };
		6CAA0B9915B2E7330085D9CB /* OpenNIDevice.h */ = {isa = PBXFileReference; fileEncoding = 4; lastKnownFileType = sourcecode.c.h; path = OpenNIDevice.h; sourceTree = "<group>"; };
		6CAA0BA615B2E7450085D9CB /* AKImageBytesGenerator.cpp */ = {isa = PBXFileReference; fileEncoding = 4; lastKnownFileType = sourcecode.cpp.cpp; path = AKImageBytesGenerator.cpp; sourceTree = "<group>"; };
		6CAA0BA715B2E7450085D9CB /* AKImageBytesGenerator.h */ = {isa = PBXFileReference; fileEncoding = 4; lastKnownFileType = sourcecode.c.h; path = AKImageBytesGenerator.h; sourceTree = "<group>"; };
		6CAC32A9162AC9D000C97307 /* AKOpenNIUserGenerator.cpp */ = {isa = PBXFileReference; fileEncoding = 4; lastKnownFileType = sourcecode.cpp.cpp; path = AKOpenNIUserGenerator.cpp; sourceTree = "<group>"; };
		6CAC32AA162AC9D000C97307 /* AKOpenNIUserGenerator.h */ = {isa = PBXFileReference; fileEncoding = 4; lastKnownFileType = sourcecode.c.h; path = AKOpenNIUserGenerator.h; sourceTree = "<group>"; };
		6CD1B3B9162C2765006D9939 /* AKOpenNIHardware.cpp */ = {isa = PBXFileReference; fileEncoding = 4; lastKnownFileType = sourcecode.cpp.cpp; path = AKOpenNIHardware.cpp; sourceTree = "<group>"; };
		6CD1B3BA162C2765006D9939 /* AKOpenNIHardware.h */ = {isa = PBXFileReference; fileEncoding = 4; lastKnownFileType = sourcecode.c.h; path = AKOpenNIHardware.h; sourceTree = "<group>"; };
		6CD69E5E15B4630000D1534A /* AKPointCloudGenerator.cpp */ = {isa = PBXFileReference; fileEncoding = 4; lastKnownFileType = sourcecode.cpp.cpp; path = AKPointCloudGenerator.cpp; sourceTree = "<group>"; };
		6CD69E5F15B4630000D1534A /* AKPointCloudGenerator.h */ = {isa = PBXFileReference; fileEncoding = 4; lastKnownFileType = sourcecode.c.h; path = AKPointCloudGenerator.h; sourceTree = "<group>"; };
		6CD69E6015B4630000D1534A /* AKUserMasksGenerator.cpp */ = {isa = PBXFileReference; fileEncoding = 4; lastKnownFileType = sourcecode.cpp.cpp; path = AKUserMasksGenerator.cpp; sourceTree = "<group>"; };
		6CD69E6115B4630000D1534A /* AKUserMasksGenerator.h */ = {isa = PBXFileReference; fileEncoding = 4; lastKnownFileType = sourcecode.c.h; path = AKUserMasksGenerator.h; sourceTree = "<group>"; };
		6CD69E6715B4630B00D1534A /* AKMSSDKPointCloudGenerator.cpp */ = {isa = PBXFileReference; fileEncoding = 4; lastKnownFileType = sourcecode.cpp.cpp; path = AKMSSDKPointCloudGenerator.cpp; sourceTree = "<group>"; };
		6CD69E6815B4630B00D1534A /* AKMSSDKPointCloudGenerator.h */ = {isa = PBXFileReference; fileEncoding = 4; lastKnownFileType = sourcecode.c.h; path = AKMSSDKPointCloudGenerator.h; sourceTree = "<group>"; };
		6CD69E6915B4630B00D1534A /* AKMSSDKUserMasksGenerator.cpp */ = {isa = PBXFileReference; fileEncoding = 4; lastKnownFileType = sourcecode.cpp.cpp; path = AKMSSDKUserMasksGenerator.cpp; sourceTree = "<group>"; };
		6CD69E6A15B4630B00D1534A /* AKMSSDKUserMasksGenerator.h */ = {isa = PBXFileReference; fileEncoding = 4; lastKnownFileType = sourcecode.c.h; path = AKMSSDKUserMasksGenerator.h; sourceTree = "<group>"; };
		6CD69E6F15B4631600D1534A /* AKOpenNIPointCloudGenerator.cpp */ = {isa = PBXFileReference; fileEncoding = 4; lastKnownFileType = sourcecode.cpp.cpp; path = AKOpenNIPointCloudGenerator.cpp; sourceTree = "<group>"; };
		6CD69E7015B4631600D1534A /* AKOpenNIPointCloudGenerator.h */ = {isa = PBXFileReference; fileEncoding = 4; lastKnownFileType = sourcecode.c.h; path = AKOpenNIPointCloudGenerator.h; sourceTree = "<group>"; };
		6CD69E7115B4631600D1534A /* AKOpenNIUserMasksGenerator.cpp */ = {isa = PBXFileReference; fileEncoding = 4; lastKnownFileType = sourcecode.cpp.cpp; path = AKOpenNIUserMasksGenerator.cpp; sourceTree = "<group>"; };
		6CD69E7215B4631600D1534A /* AKOpenNIUserMasksGenerator.h */ = {isa = PBXFileReference; fileEncoding = 4; lastKnownFileType = sourcecode.c.h; path = AKOpenNIUserMasksGenerator.h; sourceTree = "<group>"; };
		6CD9763D14C85B990061A00B /* KinectExtension.framework */ = {isa = PBXFileReference; explicitFileType = wrapper.framework; includeInIndex = 0; path = KinectExtension.framework; sourceTree = BUILT_PRODUCTS_DIR; };
		6CD9764014C85B990061A00B /* Cocoa.framework */ = {isa = PBXFileReference; lastKnownFileType = wrapper.framework; name = Cocoa.framework; path = System/Library/Frameworks/Cocoa.framework; sourceTree = SDKROOT; };
		6CD9764314C85B990061A00B /* AppKit.framework */ = {isa = PBXFileReference; lastKnownFileType = wrapper.framework; name = AppKit.framework; path = System/Library/Frameworks/AppKit.framework; sourceTree = SDKROOT; };
		6CD9764414C85B990061A00B /* CoreData.framework */ = {isa = PBXFileReference; lastKnownFileType = wrapper.framework; name = CoreData.framework; path = System/Library/Frameworks/CoreData.framework; sourceTree = SDKROOT; };
		6CD9764514C85B990061A00B /* Foundation.framework */ = {isa = PBXFileReference; lastKnownFileType = wrapper.framework; name = Foundation.framework; path = System/Library/Frameworks/Foundation.framework; sourceTree = SDKROOT; };
		6CD9764814C85B990061A00B /* KinectExtension-Info.plist */ = {isa = PBXFileReference; lastKnownFileType = text.plist.xml; path = "KinectExtension-Info.plist"; sourceTree = "<group>"; };
		6CD9764A14C85B990061A00B /* en */ = {isa = PBXFileReference; lastKnownFileType = text.plist.strings; name = en; path = en.lproj/InfoPlist.strings; sourceTree = "<group>"; };
		6CD9764C14C85B990061A00B /* KinectExtension-Prefix.pch */ = {isa = PBXFileReference; lastKnownFileType = sourcecode.c.h; path = "KinectExtension-Prefix.pch"; sourceTree = "<group>"; };
		6CDF1EEF16B5A9A6001F05EF /* libOpenNI.dylib */ = {isa = PBXFileReference; lastKnownFileType = "compiled.mach-o.dylib"; name = libOpenNI.dylib; path = dylibs/libOpenNI.dylib; sourceTree = "<group>"; };
		6CDF1EF016B5A9A6001F05EF /* libusb-1.0.0.dylib */ = {isa = PBXFileReference; lastKnownFileType = "compiled.mach-o.dylib"; name = "libusb-1.0.0.dylib"; path = "dylibs/libusb-1.0.0.dylib"; sourceTree = "<group>"; };
		6CDF1EF316B5A9C7001F05EF /* libboost_thread.a */ = {isa = PBXFileReference; lastKnownFileType = archive.ar; name = libboost_thread.a; path = "../external-libraries/boost/lib/libboost_thread.a"; sourceTree = "<group>"; };
		6CE5B3AF15BAAE9700D098AC /* AKSkeletonBone.h */ = {isa = PBXFileReference; fileEncoding = 4; lastKnownFileType = sourcecode.c.h; path = AKSkeletonBone.h; sourceTree = "<group>"; };
		6CE5B3B215BAAEA400D098AC /* AKMSSDKSkeletonBone.h */ = {isa = PBXFileReference; fileEncoding = 4; lastKnownFileType = sourcecode.c.h; path = AKMSSDKSkeletonBone.h; sourceTree = "<group>"; };
		6CE5B3B415BAAEB200D098AC /* AKOpenNISkeletonBone.h */ = {isa = PBXFileReference; fileEncoding = 4; lastKnownFileType = sourcecode.c.h; path = AKOpenNISkeletonBone.h; sourceTree = "<group>"; };
		6CF3CDB01629D887007DC7B2 /* AKOpenNIRGBGenerator.cpp */ = {isa = PBXFileReference; fileEncoding = 4; lastKnownFileType = sourcecode.cpp.cpp; path = AKOpenNIRGBGenerator.cpp; sourceTree = "<group>"; };
		6CF3CDB11629D887007DC7B2 /* AKOpenNIRGBGenerator.h */ = {isa = PBXFileReference; fileEncoding = 4; lastKnownFileType = sourcecode.c.h; path = AKOpenNIRGBGenerator.h; sourceTree = "<group>"; };
/* End PBXFileReference section */

/* Begin PBXFrameworksBuildPhase section */
		6CD9763914C85B990061A00B /* Frameworks */ = {
			isa = PBXFrameworksBuildPhase;
			buildActionMask = 2147483647;
			files = (
				6CD9764114C85B990061A00B /* Cocoa.framework in Frameworks */,
				6C7BEA8516B46B8B00D8958A /* Adobe AIR.framework in Frameworks */,
				6CDF1EF116B5A9A6001F05EF /* libOpenNI.dylib in Frameworks */,
				6CDF1EF216B5A9A6001F05EF /* libusb-1.0.0.dylib in Frameworks */,
				6CDF1EF416B5A9C7001F05EF /* libboost_thread.a in Frameworks */,
			);
			runOnlyForDeploymentPostprocessing = 0;
		};
/* End PBXFrameworksBuildPhase section */

/* Begin PBXGroup section */
		6C039C26153446C20060F00E /* src */ = {
			isa = PBXGroup;
			children = (
				6C70230B15B8497300B8128A /* Data */,
				6C7023BF15B5E847002000A7 /* AKUserFrameGenerator.cpp */,
				6C7023C015B5E847002000A7 /* AKUserFrameGenerator.h */,
				6C7023C115B5E847002000A7 /* AKUtilityFunctions.cpp */,
				6C7023C215B5E847002000A7 /* AKUtilityFunctions.h */,
				6CD69E5E15B4630000D1534A /* AKPointCloudGenerator.cpp */,
				6CD69E5F15B4630000D1534A /* AKPointCloudGenerator.h */,
				6CD69E6015B4630000D1534A /* AKUserMasksGenerator.cpp */,
				6CD69E6115B4630000D1534A /* AKUserMasksGenerator.h */,
				6CAA0BA615B2E7450085D9CB /* AKImageBytesGenerator.cpp */,
				6CAA0BA715B2E7450085D9CB /* AKImageBytesGenerator.h */,
				6CAA0B8C15B2E7330085D9CB /* MSSDK */,
				6CAA0B9315B2E7330085D9CB /* OpenNI */,
				6C039C27153446C20060F00E /* ExtensionConfig.h */,
				6C039C28153446C20060F00E /* KinectCapabilities.h */,
				6C039C29153446C20060F00E /* KinectDevice.cpp */,
				6C039C2A153446C20060F00E /* KinectDevice.h */,
				6C039C2B153446C20060F00E /* KinectDeviceManager.cpp */,
				6C039C2C153446C20060F00E /* KinectDeviceManager.h */,
				6C039C2D153446C20060F00E /* KinectExtension.cpp */,
				6C039C2E153446C20060F00E /* KinectExtension.h */,
				6C039C32153446C20060F00E /* PointCloudRegion.cpp */,
				6C039C33153446C20060F00E /* PointCloudRegion.h */,
			);
			name = src;
			path = ../src;
			sourceTree = "<group>";
		};
		6C7022FD15B8495300B8128A /* Data */ = {
			isa = PBXGroup;
			children = (
				6CE5B3B215BAAEA400D098AC /* AKMSSDKSkeletonBone.h */,
				6C7022FE15B8495300B8128A /* AKMSSDKSkeletonJoint.h */,
				6C7022FF15B8495300B8128A /* AKMSSDKUser.h */,
				6C70230015B8495300B8128A /* AKMSSDKUserFrame.h */,
			);
			path = Data;
			sourceTree = "<group>";
		};
		6C70230415B8496700B8128A /* Data */ = {
			isa = PBXGroup;
			children = (
				6CE5B3B415BAAEB200D098AC /* AKOpenNISkeletonBone.h */,
				6C70230515B8496700B8128A /* AKOpenNISkeletonJoint.h */,
				6C70230615B8496700B8128A /* AKOpenNIUser.h */,
				6C70230715B8496700B8128A /* AKOpenNIUserFrame.h */,
			);
			path = Data;
			sourceTree = "<group>";
		};
		6C70230B15B8497300B8128A /* Data */ = {
			isa = PBXGroup;
			children = (
				6CE5B3AF15BAAE9700D098AC /* AKSkeletonBone.h */,
				6C70230C15B8497300B8128A /* AKBasicStructs.h */,
				6C70230D15B8497300B8128A /* AKSkeletonJoint.h */,
				6C70230E15B8497300B8128A /* AKUser.h */,
				6C70230F15B8497300B8128A /* AKUserFrame.h */,
			);
			path = Data;
			sourceTree = "<group>";
		};
		6CAA0B8C15B2E7330085D9CB /* MSSDK */ = {
			isa = PBXGroup;
			children = (
				6C7A5FB016235B7700A684CB /* AKMSSDKInfraredParser.cpp */,
				6C7A5FB116235B7700A684CB /* AKMSSDKInfraredParser.h */,
				6C7022FD15B8495300B8128A /* Data */,
				6C7023CB15B5E851002000A7 /* AKMSSDKUserFrameGenerator.cpp */,
				6C7023CC15B5E851002000A7 /* AKMSSDKUserFrameGenerator.h */,
				6CD69E6715B4630B00D1534A /* AKMSSDKPointCloudGenerator.cpp */,
				6CD69E6815B4630B00D1534A /* AKMSSDKPointCloudGenerator.h */,
				6CD69E6915B4630B00D1534A /* AKMSSDKUserMasksGenerator.cpp */,
				6CD69E6A15B4630B00D1534A /* AKMSSDKUserMasksGenerator.h */,
				6CAA0B8D15B2E7330085D9CB /* AKMSSDKDepthParser.cpp */,
				6CAA0B8E15B2E7330085D9CB /* AKMSSDKDepthParser.h */,
				6CAA0B8F15B2E7330085D9CB /* AKMSSDKRGBParser.cpp */,
				6CAA0B9015B2E7330085D9CB /* AKMSSDKRGBParser.h */,
				6CAA0B9115B2E7330085D9CB /* MSKinectDevice.cpp */,
				6CAA0B9215B2E7330085D9CB /* MSKinectDevice.h */,
			);
			path = MSSDK;
			sourceTree = "<group>";
		};
		6CAA0B9315B2E7330085D9CB /* OpenNI */ = {
			isa = PBXGroup;
			children = (
				6C70230415B8496700B8128A /* Data */,
				6C7023CF15B5E85C002000A7 /* AKOpenNIUserFrameGenerator.cpp */,
				6C7023D015B5E85C002000A7 /* AKOpenNIUserFrameGenerator.h */,
				6CD69E6F15B4631600D1534A /* AKOpenNIPointCloudGenerator.cpp */,
				6CD69E7015B4631600D1534A /* AKOpenNIPointCloudGenerator.h */,
				6CD69E7115B4631600D1534A /* AKOpenNIUserMasksGenerator.cpp */,
				6CD69E7215B4631600D1534A /* AKOpenNIUserMasksGenerator.h */,
				6CAA0B9815B2E7330085D9CB /* OpenNIDevice.cpp */,
				6CAA0B9915B2E7330085D9CB /* OpenNIDevice.h */,
				6CF3CDB01629D887007DC7B2 /* AKOpenNIRGBGenerator.cpp */,
				6CF3CDB11629D887007DC7B2 /* AKOpenNIRGBGenerator.h */,
				6CA557F5162AA92600B85A42 /* AKOpenNIDepthGenerator.cpp */,
				6CA557F6162AA92600B85A42 /* AKOpenNIDepthGenerator.h */,
				6CA557FA162ABCB500B85A42 /* AKOpenNIIRGenerator.cpp */,
				6CA557FB162ABCB500B85A42 /* AKOpenNIIRGenerator.h */,
				6CAC32A9162AC9D000C97307 /* AKOpenNIUserGenerator.cpp */,
				6CAC32AA162AC9D000C97307 /* AKOpenNIUserGenerator.h */,
				6CD1B3B9162C2765006D9939 /* AKOpenNIHardware.cpp */,
				6CD1B3BA162C2765006D9939 /* AKOpenNIHardware.h */,
			);
			path = OpenNI;
			sourceTree = "<group>";
		};
		6CD9763114C85B990061A00B = {
			isa = PBXGroup;
			children = (
				6C039C26153446C20060F00E /* src */,
				6CD9765514C85BB70061A00B /* Libraries */,
				6CD9764614C85B990061A00B /* KinectExtension */,
				6CD9763F14C85B990061A00B /* Frameworks */,
				6CD9763E14C85B990061A00B /* Products */,
			);
			sourceTree = "<group>";
		};
		6CD9763E14C85B990061A00B /* Products */ = {
			isa = PBXGroup;
			children = (
				6CD9763D14C85B990061A00B /* KinectExtension.framework */,
			);
			name = Products;
			sourceTree = "<group>";
		};
		6CD9763F14C85B990061A00B /* Frameworks */ = {
			isa = PBXGroup;
			children = (
				6C7BEA8416B46B8B00D8958A /* Adobe AIR.framework */,
				6CD9764014C85B990061A00B /* Cocoa.framework */,
				6CD9764214C85B990061A00B /* Other Frameworks */,
			);
			name = Frameworks;
			sourceTree = "<group>";
		};
		6CD9764214C85B990061A00B /* Other Frameworks */ = {
			isa = PBXGroup;
			children = (
				6CD9764314C85B990061A00B /* AppKit.framework */,
				6CD9764414C85B990061A00B /* CoreData.framework */,
				6CD9764514C85B990061A00B /* Foundation.framework */,
			);
			name = "Other Frameworks";
			sourceTree = "<group>";
		};
		6CD9764614C85B990061A00B /* KinectExtension */ = {
			isa = PBXGroup;
			children = (
				6CD9764714C85B990061A00B /* Supporting Files */,
			);
			path = KinectExtension;
			sourceTree = "<group>";
		};
		6CD9764714C85B990061A00B /* Supporting Files */ = {
			isa = PBXGroup;
			children = (
				6CD9764814C85B990061A00B /* KinectExtension-Info.plist */,
				6CD9764914C85B990061A00B /* InfoPlist.strings */,
				6CD9764C14C85B990061A00B /* KinectExtension-Prefix.pch */,
			);
			name = "Supporting Files";
			sourceTree = "<group>";
		};
		6CD9765514C85BB70061A00B /* Libraries */ = {
			isa = PBXGroup;
			children = (
				6CDF1EF316B5A9C7001F05EF /* libboost_thread.a */,
				6CDF1EEF16B5A9A6001F05EF /* libOpenNI.dylib */,
				6CDF1EF016B5A9A6001F05EF /* libusb-1.0.0.dylib */,
			);
			name = Libraries;
			sourceTree = "<group>";
		};
/* End PBXGroup section */

/* Begin PBXHeadersBuildPhase section */
		6CD9763A14C85B990061A00B /* Headers */ = {
			isa = PBXHeadersBuildPhase;
			buildActionMask = 2147483647;
			files = (
				6C039C34153446C20060F00E /* ExtensionConfig.h in Headers */,
				6C039C35153446C20060F00E /* KinectCapabilities.h in Headers */,
				6C039C37153446C20060F00E /* KinectDevice.h in Headers */,
				6C039C39153446C20060F00E /* KinectDeviceManager.h in Headers */,
				6C039C3B153446C20060F00E /* KinectExtension.h in Headers */,
				6C039C40153446C20060F00E /* PointCloudRegion.h in Headers */,
				6CAA0B9B15B2E7330085D9CB /* AKMSSDKDepthParser.h in Headers */,
				6CAA0B9D15B2E7330085D9CB /* AKMSSDKRGBParser.h in Headers */,
				6CAA0B9F15B2E7330085D9CB /* MSKinectDevice.h in Headers */,
				6CAA0BA515B2E7330085D9CB /* OpenNIDevice.h in Headers */,
				6CAA0BAD15B2E7450085D9CB /* AKImageBytesGenerator.h in Headers */,
				6CD69E6315B4630000D1534A /* AKPointCloudGenerator.h in Headers */,
				6CD69E6515B4630000D1534A /* AKUserMasksGenerator.h in Headers */,
				6CD69E6C15B4630B00D1534A /* AKMSSDKPointCloudGenerator.h in Headers */,
				6CD69E6E15B4630B00D1534A /* AKMSSDKUserMasksGenerator.h in Headers */,
				6CD69E7415B4631600D1534A /* AKOpenNIPointCloudGenerator.h in Headers */,
				6CD69E7615B4631600D1534A /* AKOpenNIUserMasksGenerator.h in Headers */,
				6C7023C815B5E847002000A7 /* AKUserFrameGenerator.h in Headers */,
				6C7023CA15B5E847002000A7 /* AKUtilityFunctions.h in Headers */,
				6C7023CE15B5E851002000A7 /* AKMSSDKUserFrameGenerator.h in Headers */,
				6C7023D215B5E85C002000A7 /* AKOpenNIUserFrameGenerator.h in Headers */,
				6C70230115B8495300B8128A /* AKMSSDKSkeletonJoint.h in Headers */,
				6C70230215B8495300B8128A /* AKMSSDKUser.h in Headers */,
				6C70230315B8495300B8128A /* AKMSSDKUserFrame.h in Headers */,
				6C70230815B8496700B8128A /* AKOpenNISkeletonJoint.h in Headers */,
				6C70230915B8496700B8128A /* AKOpenNIUser.h in Headers */,
				6C70230A15B8496700B8128A /* AKOpenNIUserFrame.h in Headers */,
				6C70231015B8497300B8128A /* AKBasicStructs.h in Headers */,
				6C70231115B8497300B8128A /* AKSkeletonJoint.h in Headers */,
				6C70231215B8497300B8128A /* AKUser.h in Headers */,
				6C70231315B8497300B8128A /* AKUserFrame.h in Headers */,
				6CE5B3B015BAAE9700D098AC /* AKSkeletonBone.h in Headers */,
				6CE5B3B315BAAEA400D098AC /* AKMSSDKSkeletonBone.h in Headers */,
				6CE5B3B515BAAEB200D098AC /* AKOpenNISkeletonBone.h in Headers */,
				6C7A5FB316235B7700A684CB /* AKMSSDKInfraredParser.h in Headers */,
				6CF3CDB31629D887007DC7B2 /* AKOpenNIRGBGenerator.h in Headers */,
				6CA557F8162AA92600B85A42 /* AKOpenNIDepthGenerator.h in Headers */,
				6CA557FD162ABCB500B85A42 /* AKOpenNIIRGenerator.h in Headers */,
				6CAC32AC162AC9D000C97307 /* AKOpenNIUserGenerator.h in Headers */,
				6CD1B3BC162C2765006D9939 /* AKOpenNIHardware.h in Headers */,
			);
			runOnlyForDeploymentPostprocessing = 0;
		};
/* End PBXHeadersBuildPhase section */

/* Begin PBXNativeTarget section */
		6CD9763C14C85B990061A00B /* KinectExtension */ = {
			isa = PBXNativeTarget;
			buildConfigurationList = 6CD9765214C85B990061A00B /* Build configuration list for PBXNativeTarget "KinectExtension" */;
			buildPhases = (
				6CD9763814C85B990061A00B /* Sources */,
				6CD9763914C85B990061A00B /* Frameworks */,
				6CD9763A14C85B990061A00B /* Headers */,
				6CD9763B14C85B990061A00B /* Resources */,
			);
			buildRules = (
			);
			dependencies = (
			);
			name = KinectExtension;
			productName = KinectExtension;
			productReference = 6CD9763D14C85B990061A00B /* KinectExtension.framework */;
			productType = "com.apple.product-type.framework";
		};
/* End PBXNativeTarget section */

/* Begin PBXProject section */
		6CD9763314C85B990061A00B /* Project object */ = {
			isa = PBXProject;
			attributes = {
				LastUpgradeCheck = 0430;
			};
			buildConfigurationList = 6CD9763614C85B990061A00B /* Build configuration list for PBXProject "KinectExtension" */;
			compatibilityVersion = "Xcode 3.2";
			developmentRegion = English;
			hasScannedForEncodings = 0;
			knownRegions = (
				en,
			);
			mainGroup = 6CD9763114C85B990061A00B;
			productRefGroup = 6CD9763E14C85B990061A00B /* Products */;
			projectDirPath = "";
			projectRoot = "";
			targets = (
				6CD9763C14C85B990061A00B /* KinectExtension */,
			);
		};
/* End PBXProject section */

/* Begin PBXResourcesBuildPhase section */
		6CD9763B14C85B990061A00B /* Resources */ = {
			isa = PBXResourcesBuildPhase;
			buildActionMask = 2147483647;
			files = (
				6CD9764B14C85B990061A00B /* InfoPlist.strings in Resources */,
			);
			runOnlyForDeploymentPostprocessing = 0;
		};
/* End PBXResourcesBuildPhase section */

/* Begin PBXSourcesBuildPhase section */
		6CD9763814C85B990061A00B /* Sources */ = {
			isa = PBXSourcesBuildPhase;
			buildActionMask = 2147483647;
			files = (
				6C039C36153446C20060F00E /* KinectDevice.cpp in Sources */,
				6C039C38153446C20060F00E /* KinectDeviceManager.cpp in Sources */,
				6C039C3A153446C20060F00E /* KinectExtension.cpp in Sources */,
				6C039C3F153446C20060F00E /* PointCloudRegion.cpp in Sources */,
				6CAA0B9A15B2E7330085D9CB /* AKMSSDKDepthParser.cpp in Sources */,
				6CAA0B9C15B2E7330085D9CB /* AKMSSDKRGBParser.cpp in Sources */,
				6CAA0B9E15B2E7330085D9CB /* MSKinectDevice.cpp in Sources */,
				6CAA0BA415B2E7330085D9CB /* OpenNIDevice.cpp in Sources */,
				6CAA0BAC15B2E7450085D9CB /* AKImageBytesGenerator.cpp in Sources */,
				6CD69E6215B4630000D1534A /* AKPointCloudGenerator.cpp in Sources */,
				6CD69E6415B4630000D1534A /* AKUserMasksGenerator.cpp in Sources */,
				6CD69E6B15B4630B00D1534A /* AKMSSDKPointCloudGenerator.cpp in Sources */,
				6CD69E6D15B4630B00D1534A /* AKMSSDKUserMasksGenerator.cpp in Sources */,
				6CD69E7315B4631600D1534A /* AKOpenNIPointCloudGenerator.cpp in Sources */,
				6CD69E7515B4631600D1534A /* AKOpenNIUserMasksGenerator.cpp in Sources */,
				6C7023C715B5E847002000A7 /* AKUserFrameGenerator.cpp in Sources */,
				6C7023C915B5E847002000A7 /* AKUtilityFunctions.cpp in Sources */,
				6C7023CD15B5E851002000A7 /* AKMSSDKUserFrameGenerator.cpp in Sources */,
				6C7023D115B5E85C002000A7 /* AKOpenNIUserFrameGenerator.cpp in Sources */,
				6C7A5FB216235B7700A684CB /* AKMSSDKInfraredParser.cpp in Sources */,
				6CF3CDB21629D887007DC7B2 /* AKOpenNIRGBGenerator.cpp in Sources */,
				6CA557F7162AA92600B85A42 /* AKOpenNIDepthGenerator.cpp in Sources */,
				6CA557FC162ABCB500B85A42 /* AKOpenNIIRGenerator.cpp in Sources */,
				6CAC32AB162AC9D000C97307 /* AKOpenNIUserGenerator.cpp in Sources */,
				6CD1B3BB162C2765006D9939 /* AKOpenNIHardware.cpp in Sources */,
			);
			runOnlyForDeploymentPostprocessing = 0;
		};
/* End PBXSourcesBuildPhase section */

/* Begin PBXVariantGroup section */
		6CD9764914C85B990061A00B /* InfoPlist.strings */ = {
			isa = PBXVariantGroup;
			children = (
				6CD9764A14C85B990061A00B /* en */,
			);
			name = InfoPlist.strings;
			sourceTree = "<group>";
		};
/* End PBXVariantGroup section */

/* Begin XCBuildConfiguration section */
		6CD9765014C85B990061A00B /* Debug */ = {
			isa = XCBuildConfiguration;
			buildSettings = {
				ALWAYS_SEARCH_USER_PATHS = NO;
				ARCHS = "$(ARCHS_STANDARD_32_BIT)";
				COPY_PHASE_STRIP = NO;
				GCC_C_LANGUAGE_STANDARD = gnu99;
				GCC_DYNAMIC_NO_PIC = NO;
				GCC_ENABLE_OBJC_EXCEPTIONS = YES;
				GCC_OPTIMIZATION_LEVEL = 0;
				GCC_PREPROCESSOR_DEFINITIONS = (
					"DEBUG=1",
					"$(inherited)",
				);
				GCC_SYMBOLS_PRIVATE_EXTERN = NO;
				GCC_VERSION = com.apple.compilers.llvmgcc42;
				GCC_WARN_64_TO_32_BIT_CONVERSION = YES;
				GCC_WARN_ABOUT_MISSING_PROTOTYPES = YES;
				GCC_WARN_ABOUT_RETURN_TYPE = YES;
				GCC_WARN_UNUSED_VARIABLE = YES;
				MACOSX_DEPLOYMENT_TARGET = 10.6;
				ONLY_ACTIVE_ARCH = YES;
				OTHER_CFLAGS = (
					"-isystem",
					/usr/include/ni,
				);
				SDKROOT = "";
				VALID_ARCHS = i386;
			};
			name = Debug;
		};
		6CD9765114C85B990061A00B /* Release */ = {
			isa = XCBuildConfiguration;
			buildSettings = {
				ALWAYS_SEARCH_USER_PATHS = NO;
				ARCHS = "$(ARCHS_STANDARD_32_BIT)";
				COPY_PHASE_STRIP = YES;
				DEBUG_INFORMATION_FORMAT = "dwarf-with-dsym";
				GCC_C_LANGUAGE_STANDARD = gnu99;
				GCC_ENABLE_OBJC_EXCEPTIONS = YES;
				GCC_VERSION = com.apple.compilers.llvmgcc42;
				GCC_WARN_64_TO_32_BIT_CONVERSION = YES;
				GCC_WARN_ABOUT_MISSING_PROTOTYPES = YES;
				GCC_WARN_ABOUT_RETURN_TYPE = YES;
				GCC_WARN_UNUSED_VARIABLE = YES;
				MACOSX_DEPLOYMENT_TARGET = 10.6;
				OTHER_CFLAGS = (
					"-isystem",
					/usr/include/ni,
				);
				SDKROOT = "";
				VALID_ARCHS = i386;
			};
			name = Release;
		};
		6CD9765314C85B990061A00B /* Debug */ = {
			isa = XCBuildConfiguration;
			buildSettings = {
				CONFIGURATION_BUILD_DIR = ../bin;
				DYLIB_COMPATIBILITY_VERSION = 1;
				DYLIB_CURRENT_VERSION = 1;
				FRAMEWORK_SEARCH_PATHS = (
					"$(inherited)",
					"\"$(SYSTEM_APPS_DIR)/Adobe Flash Builder 4.6/sdks/4.6.0/runtimes/air/mac\"",
				);
				FRAMEWORK_VERSION = A;
				GCC_PRECOMPILE_PREFIX_HEADER = YES;
				GCC_PREFIX_HEADER = "KinectExtension/KinectExtension-Prefix.pch";
				GCC_PREPROCESSOR_DEFINITIONS = (
					"AIRKINECT_OS_OSX=1",
					"AIRKINECT_TARGET_OPENNI=1",
					"DEBUG=1",
				);
				GCC_VERSION = com.apple.compilers.llvmgcc42;
				HEADER_SEARCH_PATHS = (
					"\"$(SRCROOT)/../external-libraries/boost\"",
					"/usr/include/ni/**",
					"/usr/local/Cellar/libusb/1.0.9/include/libusb-1.0",
				);
				INFOPLIST_FILE = "KinectExtension/KinectExtension-Info.plist";
				INFOPLIST_PREPROCESSOR_DEFINITIONS = "";
				LD_RUNPATH_SEARCH_PATHS = "@executable_path/../runtimes/air/mac @executable_path/../Frameworks /Library/Frameworks";
				LIBRARY_SEARCH_PATHS = (
					"$(inherited)",
					"\"$(SRCROOT)\"",
					"\"$(SRCROOT)/../external-libraries/boost/lib\"",
					"\"$(SRCROOT)/dylibs\"",
				);
				MACOSX_DEPLOYMENT_TARGET = 10.6;
				PRODUCT_NAME = "$(TARGET_NAME)";
				SDKROOT = "";
				SYMROOT = build;
				VALID_ARCHS = i386;
				WRAPPER_EXTENSION = framework;
			};
			name = Debug;
		};
		6CD9765414C85B990061A00B /* Release */ = {
			isa = XCBuildConfiguration;
			buildSettings = {
				CONFIGURATION_BUILD_DIR = ../bin;
				DYLIB_COMPATIBILITY_VERSION = 1;
				DYLIB_CURRENT_VERSION = 1;
				FRAMEWORK_SEARCH_PATHS = (
					"$(inherited)",
					"\"$(SYSTEM_APPS_DIR)/Adobe Flash Builder 4.6/sdks/4.6.0/runtimes/air/mac\"",
				);
				FRAMEWORK_VERSION = A;
				GCC_PRECOMPILE_PREFIX_HEADER = YES;
				GCC_PREFIX_HEADER = "KinectExtension/KinectExtension-Prefix.pch";
				GCC_PREPROCESSOR_DEFINITIONS = (
					"AIRKINECT_OS_OSX=1",
					"AIRKINECT_TARGET_OPENNI=1",
				);
				GCC_VERSION = com.apple.compilers.llvmgcc42;
				HEADER_SEARCH_PATHS = (
					"\"$(SRCROOT)/../external-libraries/boost\"",
					"/usr/include/ni/**",
					"/usr/local/Cellar/libusb/1.0.9/include/libusb-1.0",
				);
				INFOPLIST_FILE = "KinectExtension/KinectExtension-Info.plist";
				INFOPLIST_PREPROCESSOR_DEFINITIONS = "";
				LD_RUNPATH_SEARCH_PATHS = "@executable_path/../runtimes/air/mac @executable_path/../Frameworks /Library/Frameworks";
				LIBRARY_SEARCH_PATHS = (
					"$(inherited)",
					"\"$(SRCROOT)\"",
					"\"$(SRCROOT)/../external-libraries/boost/lib\"",
					"\"$(SRCROOT)/dylibs\"",
				);
				MACOSX_DEPLOYMENT_TARGET = 10.6;
				PRODUCT_NAME = "$(TARGET_NAME)";
				SDKROOT = "";
				SYMROOT = build;
				VALID_ARCHS = i386;
				WRAPPER_EXTENSION = framework;
			};
			name = Release;
		};
/* End XCBuildConfiguration section */

/* Begin XCConfigurationList section */
		6CD9763614C85B990061A00B /* Build configuration list for PBXProject "KinectExtension" */ = {
			isa = XCConfigurationList;
			buildConfigurations = (
				6CD9765014C85B990061A00B /* Debug */,
				6CD9765114C85B990061A00B /* Release */,
			);
			defaultConfigurationIsVisible = 0;
			defaultConfigurationName = Release;
		};
		6CD9765214C85B990061A00B /* Build configuration list for PBXNativeTarget "KinectExtension" */ = {
			isa = XCConfigurationList;
			buildConfigurations = (
				6CD9765314C85B990061A00B /* Debug */,
				6CD9765414C85B990061A00B /* Release */,
			);
			defaultConfigurationIsVisible = 0;
			defaultConfigurationName = Release;
		};
/* End XCConfigurationList section */
	};
	rootObject = 6CD9763314C85B990061A00B /* Project object */;
}
